
Microsoft Visual Studio Solution File, Format Version 12.00
# Visual Studio 15
VisualStudioVersion = 15.0.26124.0
MinimumVisualStudioVersion = 15.0.26124.0
Project("{2150E333-8FDC-42A3-9474-1A3956D46DE8}") = "src", "src", "{7281FDA5-61F5-4FEE-9AD5-5B3DC1B62C8C}"
EndProject
Project("{FAE04EC0-301F-11D3-BF4B-00C04F79EFBC}") = "NCI.OCPL.Api.Common", "src\NCI.OCPL.Api.Common\NCI.OCPL.Api.Common.csproj", "{508A70E3-C6BF-480E-8185-B6009D79FEE5}"
EndProject
Project("{FAE04EC0-301F-11D3-BF4B-00C04F79EFBC}") = "NCI.OCPL.Api.Common.Testing", "src\NCI.OCPL.Api.Common.Testing\NCI.OCPL.Api.Common.Testing.csproj", "{3D8CC398-6127-4A44-830B-8809EFD1C522}"
EndProject
Global
	GlobalSection(SolutionConfigurationPlatforms) = preSolution
		Debug|Any CPU = Debug|Any CPU
		Debug|x64 = Debug|x64
		Debug|x86 = Debug|x86
		Release|Any CPU = Release|Any CPU
		Release|x64 = Release|x64
		Release|x86 = Release|x86
	EndGlobalSection
	GlobalSection(SolutionProperties) = preSolution
		HideSolutionNode = FALSE
	EndGlobalSection
	GlobalSection(ProjectConfigurationPlatforms) = postSolution
		{508A70E3-C6BF-480E-8185-B6009D79FEE5}.Debug|Any CPU.ActiveCfg = Debug|Any CPU
		{508A70E3-C6BF-480E-8185-B6009D79FEE5}.Debug|Any CPU.Build.0 = Debug|Any CPU
		{508A70E3-C6BF-480E-8185-B6009D79FEE5}.Debug|x64.ActiveCfg = Debug|Any CPU
		{508A70E3-C6BF-480E-8185-B6009D79FEE5}.Debug|x64.Build.0 = Debug|Any CPU
		{508A70E3-C6BF-480E-8185-B6009D79FEE5}.Debug|x86.ActiveCfg = Debug|Any CPU
		{508A70E3-C6BF-480E-8185-B6009D79FEE5}.Debug|x86.Build.0 = Debug|Any CPU
		{508A70E3-C6BF-480E-8185-B6009D79FEE5}.Release|Any CPU.ActiveCfg = Release|Any CPU
		{508A70E3-C6BF-480E-8185-B6009D79FEE5}.Release|Any CPU.Build.0 = Release|Any CPU
		{508A70E3-C6BF-480E-8185-B6009D79FEE5}.Release|x64.ActiveCfg = Release|Any CPU
		{508A70E3-C6BF-480E-8185-B6009D79FEE5}.Release|x64.Build.0 = Release|Any CPU
		{508A70E3-C6BF-480E-8185-B6009D79FEE5}.Release|x86.ActiveCfg = Release|Any CPU
		{508A70E3-C6BF-480E-8185-B6009D79FEE5}.Release|x86.Build.0 = Release|Any CPU
		{3D8CC398-6127-4A44-830B-8809EFD1C522}.Debug|Any CPU.ActiveCfg = Debug|Any CPU
		{3D8CC398-6127-4A44-830B-8809EFD1C522}.Debug|Any CPU.Build.0 = Debug|Any CPU
		{3D8CC398-6127-4A44-830B-8809EFD1C522}.Debug|x64.ActiveCfg = Debug|Any CPU
		{3D8CC398-6127-4A44-830B-8809EFD1C522}.Debug|x64.Build.0 = Debug|Any CPU
		{3D8CC398-6127-4A44-830B-8809EFD1C522}.Debug|x86.ActiveCfg = Debug|Any CPU
		{3D8CC398-6127-4A44-830B-8809EFD1C522}.Debug|x86.Build.0 = Debug|Any CPU
		{3D8CC398-6127-4A44-830B-8809EFD1C522}.Release|Any CPU.ActiveCfg = Release|Any CPU
		{3D8CC398-6127-4A44-830B-8809EFD1C522}.Release|Any CPU.Build.0 = Release|Any CPU
		{3D8CC398-6127-4A44-830B-8809EFD1C522}.Release|x64.ActiveCfg = Release|Any CPU
		{3D8CC398-6127-4A44-830B-8809EFD1C522}.Release|x64.Build.0 = Release|Any CPU
		{3D8CC398-6127-4A44-830B-8809EFD1C522}.Release|x86.ActiveCfg = Release|Any CPU
		{3D8CC398-6127-4A44-830B-8809EFD1C522}.Release|x86.Build.0 = Release|Any CPU
	EndGlobalSection
	GlobalSection(NestedProjects) = preSolution
		{508A70E3-C6BF-480E-8185-B6009D79FEE5} = {7281FDA5-61F5-4FEE-9AD5-5B3DC1B62C8C}
		{3D8CC398-6127-4A44-830B-8809EFD1C522} = {7281FDA5-61F5-4FEE-9AD5-5B3DC1B62C8C}
	EndGlobalSection
EndGlobal
